
Microsoft Visual Studio Solution File, Format Version 12.00
# Visual Studio 15
VisualStudioVersion = 15.0.26430.16
MinimumVisualStudioVersion = 10.0.40219.1
Project("{9A19103F-16F7-4668-BE54-9A1E7A4F7556}") = "PepperMap.Webservice", "PepperMap.Webservice\PepperMap.Webservice.csproj", "{FCCFAB77-9ACF-4BF2-AACC-EF714B953A3B}"
EndProject
Project("{FAE04EC0-301F-11D3-BF4B-00C04F79EFBC}") = "PepperMap.DomainLayer", "PepperMap.DomainLayer\PepperMap.DomainLayer.csproj", "{85A44539-E782-441D-8EB9-2FE47E3608C4}"
EndProject
Project("{FAE04EC0-301F-11D3-BF4B-00C04F79EFBC}") = "PepperMap.Infrastructure", "PepperMap.Infrastructure\PepperMap.Infrastructure.csproj", "{2B76F5EA-8DD5-441D-869F-7E10C7A2BECA}"
EndProject
Global
	GlobalSection(SolutionConfigurationPlatforms) = preSolution
		Debug|Any CPU = Debug|Any CPU
		Release|Any CPU = Release|Any CPU
	EndGlobalSection
	GlobalSection(ProjectConfigurationPlatforms) = postSolution
		{FCCFAB77-9ACF-4BF2-AACC-EF714B953A3B}.Debug|Any CPU.ActiveCfg = Debug|Any CPU
		{FCCFAB77-9ACF-4BF2-AACC-EF714B953A3B}.Debug|Any CPU.Build.0 = Debug|Any CPU
		{FCCFAB77-9ACF-4BF2-AACC-EF714B953A3B}.Release|Any CPU.ActiveCfg = Release|Any CPU
		{FCCFAB77-9ACF-4BF2-AACC-EF714B953A3B}.Release|Any CPU.Build.0 = Release|Any CPU
		{85A44539-E782-441D-8EB9-2FE47E3608C4}.Debug|Any CPU.ActiveCfg = Debug|Any CPU
		{85A44539-E782-441D-8EB9-2FE47E3608C4}.Debug|Any CPU.Build.0 = Debug|Any CPU
		{85A44539-E782-441D-8EB9-2FE47E3608C4}.Release|Any CPU.ActiveCfg = Release|Any CPU
		{85A44539-E782-441D-8EB9-2FE47E3608C4}.Release|Any CPU.Build.0 = Release|Any CPU
		{2B76F5EA-8DD5-441D-869F-7E10C7A2BECA}.Debug|Any CPU.ActiveCfg = Debug|Any CPU
		{2B76F5EA-8DD5-441D-869F-7E10C7A2BECA}.Debug|Any CPU.Build.0 = Debug|Any CPU
		{2B76F5EA-8DD5-441D-869F-7E10C7A2BECA}.Release|Any CPU.ActiveCfg = Release|Any CPU
		{2B76F5EA-8DD5-441D-869F-7E10C7A2BECA}.Release|Any CPU.Build.0 = Release|Any CPU
	EndGlobalSection
	GlobalSection(SolutionProperties) = preSolution
		HideSolutionNode = FALSE
	EndGlobalSection
EndGlobal
